{
  "version": 4,
  "terraform_version": "1.10.4",
  "serial": 93,
  "lineage": "c10c0efc-144d-f13f-503c-f82eccc712c5",
  "outputs": {},
  "resources": [
    {
      "module": "module.lxc_container",
      "mode": "managed",
      "type": "proxmox_lxc",
      "name": "container",
      "provider": "provider[\"registry.terraform.io/telmate/proxmox\"]",
      "instances": [
        {
          "schema_version": 0,
          "attributes": {
            "arch": "amd64",
            "bwlimit": 0,
            "clone": "9200",
            "clone_storage": null,
            "cmode": "tty",
            "console": true,
            "cores": 1,
            "cpulimit": 0,
            "cpuunits": 1024,
            "description": "",
            "features": [],
            "force": false,
            "full": true,
            "hagroup": "",
            "hastate": "",
            "hookscript": "",
            "hostname": "nginx-container",
            "id": "pve/lxc/106",
            "ignore_unpack_errors": false,
            "lock": "",
            "memory": 512,
            "mountpoint": [],
            "nameserver": "",
            "network": [
              {
                "bridge": "vmbr0",
                "firewall": false,
                "gw": "",
                "gw6": "",
                "hwaddr": "BC:24:11:36:72:9F",
                "id": 0,
                "ip": "dhcp",
                "ip6": "",
                "mtu": 0,
                "name": "eth0",
                "rate": 0,
                "tag": 0,
                "trunks": "",
                "type": "veth"
              }
            ],
            "onboot": false,
            "ostemplate": null,
            "ostype": "debian",
            "password": null,
            "pool": null,
            "protection": false,
            "restore": false,
            "rootfs": [
              {
                "acl": false,
                "quota": false,
                "replicate": false,
                "ro": false,
                "shared": false,
                "size": "10G",
                "storage": "RaidArray",
                "volume": "RaidArray:106/vm-106-disk-0.raw"
              }
            ],
            "searchdomain": "",
            "ssh_public_keys": null,
            "start": false,
            "startup": "",
            "swap": 0,
            "tags": "",
            "target_node": "pve",
            "template": false,
            "timeouts": null,
            "tty": 2,
            "unique": false,
            "unprivileged": false,
            "unused": [],
            "vmid": null
          },
          "sensitive_attributes": [
            [
              {
                "type": "get_attr",
                "value": "password"
              }
            ]
          ],
          "private": "eyJlMmJmYjczMC1lY2FhLTExZTYtOGY4OC0zNDM2M2JjN2M0YzAiOnsiY3JlYXRlIjoxMjAwMDAwMDAwMDAwLCJkZWZhdWx0IjoxMjAwMDAwMDAwMDAwLCJkZWxldGUiOjEyMDAwMDAwMDAwMDAsInJlYWQiOjEyMDAwMDAwMDAwMDAsInVwZGF0ZSI6MTIwMDAwMDAwMDAwMH19"
        }
      ]
    },
    {
      "module": "module.vm",
      "mode": "managed",
      "type": "proxmox_vm_qemu",
      "name": "vm",
      "provider": "provider[\"registry.terraform.io/telmate/proxmox\"]",
      "instances": [
        {
          "status": "tainted",
          "schema_version": 0,
          "attributes": {
            "additional_wait": 5,
            "agent": 0,
            "agent_timeout": null,
            "args": null,
            "automatic_reboot": true,
            "balloon": 0,
            "bios": "seabios",
            "boot": null,
            "bootdisk": null,
            "ci_wait": null,
            "cicustom": "user=RaidArray:snippets/user-data.yaml",
            "cipassword": null,
            "ciupgrade": false,
            "ciuser": null,
            "clone": null,
            "clone_id": 9000,
            "clone_wait": 10,
            "cores": 2,
            "cpu": null,
            "cpu_type": "host",
            "default_ipv4_address": null,
            "default_ipv6_address": null,
            "define_connection_info": true,
            "desc": "Managed by Terraform.",
            "disk": [
              {
                "asyncio": "",
                "backup": true,
                "cache": "",
                "discard": false,
                "disk_file": "",
                "emulatessd": false,
                "format": "",
                "id": 0,
                "iops_r_burst": 0,
                "iops_r_burst_length": 0,
                "iops_r_concurrent": 0,
                "iops_wr_burst": 0,
                "iops_wr_burst_length": 0,
                "iops_wr_concurrent": 0,
                "iothread": false,
                "iso": "",
                "linked_disk_id": 0,
                "mbps_r_burst": 0,
                "mbps_r_concurrent": 0,
                "mbps_wr_burst": 0,
                "mbps_wr_concurrent": 0,
                "passthrough": false,
                "readonly": false,
                "replicate": false,
                "serial": "",
                "size": "8",
                "slot": "scsi0",
                "storage": "RaidArray",
                "type": "disk",
                "wwn": ""
              },
              {
                "asyncio": "",
                "backup": true,
                "cache": "",
                "discard": false,
                "disk_file": "",
                "emulatessd": false,
                "format": "",
                "id": 0,
                "iops_r_burst": 0,
                "iops_r_burst_length": 0,
                "iops_r_concurrent": 0,
                "iops_wr_burst": 0,
                "iops_wr_burst_length": 0,
                "iops_wr_concurrent": 0,
                "iothread": false,
                "iso": "",
                "linked_disk_id": 0,
                "mbps_r_burst": 0,
                "mbps_r_concurrent": 0,
                "mbps_wr_burst": 0,
                "mbps_wr_concurrent": 0,
                "passthrough": false,
                "readonly": false,
                "replicate": false,
                "serial": "",
                "size": "1",
                "slot": "ide2",
                "storage": "RaidArray",
                "type": "cloudinit",
                "wwn": ""
              }
            ],
            "disks": [],
            "efidisk": [],
            "force_create": false,
            "force_recreate_on_change_of": null,
            "full_clone": true,
            "hagroup": null,
            "hastate": null,
            "hostpci": [],
            "hotplug": "network,disk,usb",
            "id": "pve/qemu/9001",
            "ipconfig0": "dhcp",
            "ipconfig1": null,
            "ipconfig10": null,
            "ipconfig11": null,
            "ipconfig12": null,
            "ipconfig13": null,
            "ipconfig14": null,
            "ipconfig15": null,
            "ipconfig2": null,
            "ipconfig3": null,
            "ipconfig4": null,
            "ipconfig5": null,
            "ipconfig6": null,
            "ipconfig7": null,
            "ipconfig8": null,
            "ipconfig9": null,
            "kvm": true,
            "linked_vmid": null,
            "machine": null,
            "memory": 1024,
            "name": "test-vm",
            "nameserver": null,
            "network": [
              {
                "bridge": "vmbr0",
                "firewall": false,
                "id": 0,
                "link_down": false,
                "macaddr": "",
                "model": "virtio",
                "mtu": 0,
                "queues": 0,
                "rate": 0,
                "tag": 0
              }
            ],
            "numa": null,
            "onboot": false,
            "os_network_config": null,
            "os_type": null,
            "pci": [],
            "pcis": [],
            "pool": null,
            "protection": false,
            "pxe": null,
            "qemu_os": null,
            "reboot_required": null,
            "scsihw": "lsi",
            "searchdomain": null,
            "serial": [],
            "skip_ipv4": false,
            "skip_ipv6": false,
            "smbios": null,
            "sockets": 1,
            "ssh_forward_ip": null,
            "ssh_host": null,
            "ssh_port": null,
            "ssh_private_key": null,
            "ssh_user": null,
            "sshkeys": "ssh-rsa AAAAB3NzaC1yc2EAAAADAQABAAACAQDcopVJoMUD2n93gx7Lzgqu1S71duN8xlNu/cUyBdZBYXhBxTi/Mh/ju8RWVu0z8roO0iESDhtXjxOEGYhfU9yi/L6cVsyCe982ZIsS4WUJBa1TcIqCXWlGJvt5ReRCEG2WKmZ5ub1N494Kve1ejhSMDTwZVJXB8GBFf/K4ibYECkLLrTDQL8Eed7nI2pXxpHu1budqw8hXtcYA3kT7wNkdN824cm4n4gi1YbjtUTaCR0x84alW7jSdn06ms5oA+XFywSWsV2vOaMxkoa3BFyTbs1Fx9v8qFpPsTD47wgoRQnRwXo/lPSM/E3bnb6EmytUlVQFRbjqxZg+oOkkQhaTtLC9JGLCHO3nwxJxcGKklXz6nuQefFBYHC1sUNXY5ZdP0xUf6ZWT4WlRMalVJ/zpmyBHt1/PFMLf9s62pg9RBs0comGGQSoWcQQE+wXJLt9GVkLOsliONwG1kYtA/EJ0WZ95tSxLUJfjfBhKlTj1ZpNWwe1AOWjYe5Y/ylor4nSnVLwVnN4aI2jxcxPx4DpxR6tZIqH0WqCTiCrhpM9i+88tVmhqJpuPbQcsmGcl3kjFYiQJJ/wiRENXzxb6adPJg4OcRLo3/LJFsCJluEmrJ/Q/7Uu11qqF+lSGngDuN8HnqmJDfXXw4ptXzBsm3oTiJHTSx63rUHMSPMIhTKqNAJQ== gregory.butkovich@gmail.com",
            "startup": null,
            "tablet": true,
            "tags": null,
            "target_node": "pve",
            "target_nodes": null,
            "timeouts": null,
            "unused_disk": null,
            "usb": [],
            "usbs": [],
            "vcpus": 0,
            "vga": [],
            "vm_state": "running",
            "vmid": 9001
          },
          "sensitive_attributes": [
            [
              {
                "type": "get_attr",
                "value": "cipassword"
              }
            ],
            [
              {
                "type": "get_attr",
                "value": "ssh_private_key"
              }
            ]
          ],
          "private": "eyJlMmJmYjczMC1lY2FhLTExZTYtOGY4OC0zNDM2M2JjN2M0YzAiOnsiY3JlYXRlIjoxMjAwMDAwMDAwMDAwLCJkZWZhdWx0IjoxMjAwMDAwMDAwMDAwLCJkZWxldGUiOjEyMDAwMDAwMDAwMDAsInJlYWQiOjEyMDAwMDAwMDAwMDAsInVwZGF0ZSI6MTIwMDAwMDAwMDAwMH19"
        }
      ]
    }
  ],
  "check_results": null
}
